{
  "lockfileVersion": 1,
  "configVersion": 1,
  "workspaces": {
    "": {
      "name": "my-opentui-project",
      "dependencies": {
        "@opentui/core": "^0.4.1",
        "@opentui/react": "^0.4.1",
        "@opentui/ssh": "^0.4.1",
        "react": "^19.2.6",
      },
      "devDependencies": {
        "@types/bun": "^1.3.14",
        "@types/react": "^19.2.17",
        "react-devtools-core": "7",
      },
      "peerDependencies": {
        "typescript": "^5",
      },
    },
  },
  "packages": {
    "@opentui/core": ["@opentui/core@0.4.1", "https://registry.npmmirror.com/@opentui/core/-/core-0.4.1.tgz", { "dependencies": { "bun-ffi-structs": "0.2.3", "diff": "9.0.0", "marked": "17.0.1", "string-width": "7.2.0", "strip-ansi": "7.1.2" }, "optionalDependencies": { "@opentui/core-darwin-arm64": "0.4.1", "@opentui/core-darwin-x64": "0.4.1", "@opentui/core-linux-arm64": "0.4.1", "@opentui/core-linux-arm64-musl": "0.4.1", "@opentui/core-linux-x64": "0.4.1", "@opentui/core-linux-x64-musl": "0.4.1", "@opentui/core-win32-arm64": "0.4.1", "@opentui/core-win32-x64": "0.4.1" }, "peerDependencies": { "web-tree-sitter": "0.25.10" } }, "sha512-ejlunoFCGLcghYGdfamI/DlWHsgCTLbuoL2JeOmFuLsN+DM5phje3CQbGR4tpl24cadCgHJQFomjoQ9Htvin+Q=="],

    "@opentui/core-darwin-arm64": ["@opentui/core-darwin-arm64@0.4.1", "https://registry.npmmirror.com/@opentui/core-darwin-arm64/-/core-darwin-arm64-0.4.1.tgz", { "os": "darwin", "cpu": "arm64" }, "sha512-ocs73hj9n0zLArOTpUWIXCWU6ERThG+3wQzO78EvfaR4hb5FRrDHGKWTzXpr6ukSKsUtKdztK5XYTPsJ5e3vww=="],

    "@opentui/core-darwin-x64": ["@opentui/core-darwin-x64@0.4.1", "https://registry.npmmirror.com/@opentui/core-darwin-x64/-/core-darwin-x64-0.4.1.tgz", { "os": "darwin", "cpu": "x64" }, "sha512-YogRtDBfxGeOkcSHDMsGkKFBIt3cWPMPGNu2AmEN6a5KKjDYwAZCudwbDJaUbZDCJjfAUHz9iXjhJVXJBXs9vQ=="],

    "@opentui/core-linux-arm64": ["@opentui/core-linux-arm64@0.4.1", "https://registry.npmmirror.com/@opentui/core-linux-arm64/-/core-linux-arm64-0.4.1.tgz", { "os": "linux", "cpu": "arm64" }, "sha512-sBZTS1eEGeVSQ8fAmDALKQcT7FckrhK64oHfEO7W0lJ+lXapfJuOKtTM33na54V56GAM9guk4RD4cbPeTXEh4g=="],

    "@opentui/core-linux-arm64-musl": ["@opentui/core-linux-arm64-musl@0.4.1", "https://registry.npmmirror.com/@opentui/core-linux-arm64-musl/-/core-linux-arm64-musl-0.4.1.tgz", { "os": "linux", "cpu": "arm64" }, "sha512-Eps9qB+vQ/Lel4ZYqMH87Um9oiU17Vu4oWzvRi40Yf+69vA1a3R4D7KUCeY3OxKWnRnwAHkMU9TxNnjKngPH/w=="],

    "@opentui/core-linux-x64": ["@opentui/core-linux-x64@0.4.1", "https://registry.npmmirror.com/@opentui/core-linux-x64/-/core-linux-x64-0.4.1.tgz", { "os": "linux", "cpu": "x64" }, "sha512-9/xjYGzX5RdUl0qmGQY0OCayjJ4VffDhsBmApQdseUkMT6LGL3RumI4zPK3Y9vo1fuy6ffLnriLFOktOgutXDg=="],

    "@opentui/core-linux-x64-musl": ["@opentui/core-linux-x64-musl@0.4.1", "https://registry.npmmirror.com/@opentui/core-linux-x64-musl/-/core-linux-x64-musl-0.4.1.tgz", { "os": "linux", "cpu": "x64" }, "sha512-UYcp8XGX4DZXN+VYUVuCrJkbFMJ0L+VUVu0t5KqqaeJ74fI4NZ+DmwNqPPg1+C+EIzoW4QChlEUdhlZRdiEQiA=="],

    "@opentui/core-win32-arm64": ["@opentui/core-win32-arm64@0.4.1", "https://registry.npmmirror.com/@opentui/core-win32-arm64/-/core-win32-arm64-0.4.1.tgz", { "os": "win32", "cpu": "arm64" }, "sha512-hkIbpUJcKd4iLetTygPlFS45teOBTto49aXuxNeafYQUNd3ehiSwJENNBlAGULLfq+KP3dMJoWUiOcbuPVOQRA=="],

    "@opentui/core-win32-x64": ["@opentui/core-win32-x64@0.4.1", "https://registry.npmmirror.com/@opentui/core-win32-x64/-/core-win32-x64-0.4.1.tgz", { "os": "win32", "cpu": "x64" }, "sha512-s1kGBcloy4ksl3wFCMqqOUFtXWlTTpzxe6pkLFhFhzgqKsMXHE9pwebiS3pzJkkFUxah5MYG+kbcn2Dw2Gdncg=="],

    "@opentui/react": ["@opentui/react@0.4.1", "https://registry.npmmirror.com/@opentui/react/-/react-0.4.1.tgz", { "dependencies": { "@opentui/core": "0.4.1", "react-reconciler": "^0.33.0" }, "peerDependencies": { "react": ">=19.2.0", "react-devtools-core": "^7.0.1", "ws": "^8.18.0" } }, "sha512-hYNS8yhwVA+aGru74rtaxI81TM+rEIhMVOdooQOZRHcyVlml3inmKcI5n0Kroy4Vj4M0rCiVAPhovvqf+xfxGA=="],

    "@opentui/ssh": ["@opentui/ssh@0.4.1", "https://registry.npmmirror.com/@opentui/ssh/-/ssh-0.4.1.tgz", { "dependencies": { "ssh2": "^1.16.0" }, "peerDependencies": { "@opentui/core": "0.4.1" } }, "sha512-PvXzLN41kVFrDPNvxpcYNgilLXHxXfLNBJNsYeN0pG4lr8eBjhSuBQ1feGfLVERCq71tZ2Z+e/FPK4Mvp14/2g=="],

    "@types/bun": ["@types/bun@1.3.14", "https://registry.npmmirror.com/@types/bun/-/bun-1.3.14.tgz", { "dependencies": { "bun-types": "1.3.14" } }, "sha512-h1hFqFVcvAvD9j9K7ZW7vd82aSA+rTdznZa+5bwvCwqSB1jmmfLcbIWhOLx1/+boy/xmjgCs/OMUL8hRJSmnPw=="],

    "@types/node": ["@types/node@25.7.0", "https://registry.npmmirror.com/@types/node/-/node-25.7.0.tgz", { "dependencies": { "undici-types": "~7.21.0" } }, "sha512-z+pdZyxE+RTQE9AcboAZCb4otwcrvgHD+GlBpPgn0emDVt0ohrTMhAwlr2Wd9nZ+nihhYFxO2pThz3C5qSu2Eg=="],

    "@types/react": ["@types/react@19.2.17", "https://registry.npmmirror.com/@types/react/-/react-19.2.17.tgz", { "dependencies": { "csstype": "^3.2.2" } }, "sha512-MXfmqaVPEVgkBT/aY0aGCkRWWtByiYQXo3xdQ8r5RzuFrPiRn8Gar2tQdXSUQ2GKV3bkXckek89V8wQBY2Q/Aw=="],

    "ansi-regex": ["ansi-regex@6.2.2", "https://registry.npmmirror.com/ansi-regex/-/ansi-regex-6.2.2.tgz", {}, "sha512-Bq3SmSpyFHaWjPk8If9yc6svM8c56dB5BAtW4Qbw5jHTwwXXcTLoRMkpDJp6VL0XzlWaCHTXrkFURMYmD0sLqg=="],

    "asn1": ["asn1@0.2.6", "https://registry.npmmirror.com/asn1/-/asn1-0.2.6.tgz", { "dependencies": { "safer-buffer": "~2.1.0" } }, "sha512-ix/FxPn0MDjeyJ7i/yoHGFt/EX6LyNbxSEhPPXODPL+KB0VPk86UYfL0lMdy+KCnv+fmvIzySwaK5COwqVbWTQ=="],

    "bcrypt-pbkdf": ["bcrypt-pbkdf@1.0.2", "https://registry.npmmirror.com/bcrypt-pbkdf/-/bcrypt-pbkdf-1.0.2.tgz", { "dependencies": { "tweetnacl": "^0.14.3" } }, "sha512-qeFIXtP4MSoi6NLqO12WfqARWWuCKi2Rn/9hJLEmtB5yTNr9DqFWkJRCf2qShWzPeAMRnOgCrq0sg/KLv5ES9w=="],

    "buildcheck": ["buildcheck@0.0.7", "https://registry.npmmirror.com/buildcheck/-/buildcheck-0.0.7.tgz", {}, "sha512-lHblz4ahamxpTmnsk+MNTRWsjYKv965MwOrSJyeD588rR3Jcu7swE+0wN5F+PbL5cjgu/9ObkhfzEPuofEMwLA=="],

    "bun-ffi-structs": ["bun-ffi-structs@0.2.3", "https://registry.npmmirror.com/bun-ffi-structs/-/bun-ffi-structs-0.2.3.tgz", { "peerDependencies": { "typescript": "^5" } }, "sha512-pgJiXP+hEgFo9qG51J6ItfY4ocs3vniwNzJ9WhoakB3QB2GdzQxX2EXssentPYlB2hOfJrTjO6iIQkWYzUodpg=="],

    "bun-types": ["bun-types@1.3.14", "https://registry.npmmirror.com/bun-types/-/bun-types-1.3.14.tgz", { "dependencies": { "@types/node": "*" } }, "sha512-4N0ig0fEomHt5R0KCFWjovxow98rIoRwKolrYdCcknNwMekCXRnWEUvgu5soYV8QXtVsrUD8B95MBOZGPvr6KQ=="],

    "cpu-features": ["cpu-features@0.0.10", "https://registry.npmmirror.com/cpu-features/-/cpu-features-0.0.10.tgz", { "dependencies": { "buildcheck": "~0.0.6", "nan": "^2.19.0" } }, "sha512-9IkYqtX3YHPCzoVg1Py+o9057a3i0fp7S530UWokCSaFVTc7CwXPRiOjRjBQQ18ZCNafx78YfnG+HALxtVmOGA=="],

    "csstype": ["csstype@3.2.3", "https://registry.npmmirror.com/csstype/-/csstype-3.2.3.tgz", {}, "sha512-z1HGKcYy2xA8AGQfwrn0PAy+PB7X/GSj3UVJW9qKyn43xWa+gl5nXmU4qqLMRzWVLFC8KusUX8T/0kCiOYpAIQ=="],

    "diff": ["diff@9.0.0", "https://registry.npmmirror.com/diff/-/diff-9.0.0.tgz", {}, "sha512-svtcdpS8CgJyqAjEQIXdb3OjhFVVYjzGAPO8WGCmRbrml64SPw/jJD4GoE98aR7r25A0XcgrK3F02yw9R/vhQw=="],

    "emoji-regex": ["emoji-regex@10.6.0", "https://registry.npmmirror.com/emoji-regex/-/emoji-regex-10.6.0.tgz", {}, "sha512-toUI84YS5YmxW219erniWD0CIVOo46xGKColeNQRgOzDorgBi1v4D71/OFzgD9GO2UGKIv1C3Sp8DAn0+j5w7A=="],

    "get-east-asian-width": ["get-east-asian-width@1.6.0", "https://registry.npmmirror.com/get-east-asian-width/-/get-east-asian-width-1.6.0.tgz", {}, "sha512-QRbvDIbx6YklUe6RxeTeleMR0yv3cYH6PsPZHcnVn7xv7zO1BHN8r0XETu8n6Ye3Q+ahtSarc3WgtNWmehIBfA=="],

    "marked": ["marked@17.0.1", "https://registry.npmmirror.com/marked/-/marked-17.0.1.tgz", { "bin": { "marked": "bin/marked.js" } }, "sha512-boeBdiS0ghpWcSwoNm/jJBwdpFaMnZWRzjA6SkUMYb40SVaN1x7mmfGKp0jvexGcx+7y2La5zRZsYFZI6Qpypg=="],

    "nan": ["nan@2.27.0", "https://registry.npmmirror.com/nan/-/nan-2.27.0.tgz", {}, "sha512-hC+0LidcL3XE4rp1C4H54KujgXKzbfyTngZTwBByQxsOxCEKZT0MPQ4hOKUH2jU1OYstqdDH4onyHPDzcV0XdQ=="],

    "react": ["react@19.2.6", "https://registry.npmmirror.com/react/-/react-19.2.6.tgz", {}, "sha512-sfWGGfavi0xr8Pg0sVsyHMAOziVYKgPLNrS7ig+ivMNb3wbCBw3KxtflsGBAwD3gYQlE/AEZsTLgToRrSCjb0Q=="],

    "react-devtools-core": ["react-devtools-core@7.0.1", "https://registry.npmmirror.com/react-devtools-core/-/react-devtools-core-7.0.1.tgz", { "dependencies": { "shell-quote": "^1.6.1", "ws": "^7" } }, "sha512-C3yNvRHaizlpiASzy7b9vbnBGLrhvdhl1CbdU6EnZgxPNbai60szdLtl+VL76UNOt5bOoVTOz5rNWZxgGt+Gsw=="],

    "react-reconciler": ["react-reconciler@0.33.0", "https://registry.npmmirror.com/react-reconciler/-/react-reconciler-0.33.0.tgz", { "dependencies": { "scheduler": "^0.27.0" }, "peerDependencies": { "react": "^19.2.0" } }, "sha512-KetWRytFv1epdpJc3J4G75I4WrplZE5jOL7Yq0p34+OVOKF4Se7WrdIdVC45XsSSmUTlht2FM/fM1FZb1mfQeA=="],

    "safer-buffer": ["safer-buffer@2.1.2", "https://registry.npmmirror.com/safer-buffer/-/safer-buffer-2.1.2.tgz", {}, "sha512-YZo3K82SD7Riyi0E1EQPojLz7kpepnSQI9IyPbHHg1XXXevb5dJI7tpyN2ADxGcQbHG7vcyRHk0cbwqcQriUtg=="],

    "scheduler": ["scheduler@0.27.0", "https://registry.npmmirror.com/scheduler/-/scheduler-0.27.0.tgz", {}, "sha512-eNv+WrVbKu1f3vbYJT/xtiF5syA5HPIMtf9IgY/nKg0sWqzAUEvqY/xm7OcZc/qafLx/iO9FgOmeSAp4v5ti/Q=="],

    "shell-quote": ["shell-quote@1.8.3", "https://registry.npmmirror.com/shell-quote/-/shell-quote-1.8.3.tgz", {}, "sha512-ObmnIF4hXNg1BqhnHmgbDETF8dLPCggZWBjkQfhZpbszZnYur5DUljTcCHii5LC3J5E0yeO/1LIMyH+UvHQgyw=="],

    "ssh2": ["ssh2@1.17.0", "https://registry.npmmirror.com/ssh2/-/ssh2-1.17.0.tgz", { "dependencies": { "asn1": "^0.2.6", "bcrypt-pbkdf": "^1.0.2" }, "optionalDependencies": { "cpu-features": "~0.0.10", "nan": "^2.23.0" } }, "sha512-wPldCk3asibAjQ/kziWQQt1Wh3PgDFpC0XpwclzKcdT1vql6KeYxf5LIt4nlFkUeR8WuphYMKqUA56X4rjbfgQ=="],

    "string-width": ["string-width@7.2.0", "https://registry.npmmirror.com/string-width/-/string-width-7.2.0.tgz", { "dependencies": { "emoji-regex": "^10.3.0", "get-east-asian-width": "^1.0.0", "strip-ansi": "^7.1.0" } }, "sha512-tsaTIkKW9b4N+AEj+SVA+WhJzV7/zMhcSu78mLKWSk7cXMOSHsBKFWUs0fWwq8QyK3MgJBQRX6Gbi4kYbdvGkQ=="],

    "strip-ansi": ["strip-ansi@7.1.2", "https://registry.npmmirror.com/strip-ansi/-/strip-ansi-7.1.2.tgz", { "dependencies": { "ansi-regex": "^6.0.1" } }, "sha512-gmBGslpoQJtgnMAvOVqGZpEz9dyoKTCzy2nfz/n8aIFhN/jCE/rCmcxabB6jOOHV+0WNnylOxaxBQPSvcWklhA=="],

    "tweetnacl": ["tweetnacl@0.14.5", "https://registry.npmmirror.com/tweetnacl/-/tweetnacl-0.14.5.tgz", {}, "sha512-KXXFFdAbFXY4geFIwoyNK+f5Z1b7swfXABfL7HXCmoIWMKU3dmS26672A4EeQtDzLKy7SXmfBu51JolvEKwtGA=="],

    "typescript": ["typescript@5.9.3", "https://registry.npmmirror.com/typescript/-/typescript-5.9.3.tgz", { "bin": { "tsc": "bin/tsc", "tsserver": "bin/tsserver" } }, "sha512-jl1vZzPDinLr9eUt3J/t7V6FgNEw9QjvBPdysz9KfQDD41fQrC2Y4vKQdiaUpFT4bXlb1RHhLpp8wtm6M5TgSw=="],

    "undici-types": ["undici-types@7.21.0", "https://registry.npmmirror.com/undici-types/-/undici-types-7.21.0.tgz", {}, "sha512-w9IMgQrz4O0YN1LtB7K5P63vhlIOvC7opSmouCJ+ZywlPAlO9gIkJ+otk6LvGpAs2wg4econaCz3TvQ9xPoyuQ=="],

    "web-tree-sitter": ["web-tree-sitter@0.25.10", "https://registry.npmmirror.com/web-tree-sitter/-/web-tree-sitter-0.25.10.tgz", { "peerDependencies": { "@types/emscripten": "^1.40.0" }, "optionalPeers": ["@types/emscripten"] }, "sha512-Y09sF44/13XvgVKgO2cNDw5rGk6s26MgoZPXLESvMXeefBf7i6/73eFurre0IsTW6E14Y0ArIzhUMmjoc7xyzA=="],

    "ws": ["ws@7.5.10", "https://registry.npmmirror.com/ws/-/ws-7.5.10.tgz", { "peerDependencies": { "bufferutil": "^4.0.1", "utf-8-validate": "^5.0.2" }, "optionalPeers": ["bufferutil", "utf-8-validate"] }, "sha512-+dbF1tHwZpXcbOJdVOkzLDxZP1ailvSxM6ZweXTegylPny803bFhA+vqBYw4s31NSAk4S2Qz+AKXK9a4wkdjcQ=="],

    "@opentui/react/ws": ["ws@8.20.1", "https://registry.npmmirror.com/ws/-/ws-8.20.1.tgz", { "peerDependencies": { "bufferutil": "^4.0.1", "utf-8-validate": ">=5.0.2" }, "optionalPeers": ["bufferutil", "utf-8-validate"] }, "sha512-It4dO0K5v//JtTXuPkfEOaI3uUN87iYPnqo/ZzqCoG3g8uhA66QUMs/SrM0YK7/NAu+r4LMh/9dq2A7k+rHs+w=="],
  }
}
